// !$*UTF8*$!
{
	archiveVersion = 1;
	classes = {
	};
	objectVersion = 46;
	objects = {

/* Begin PBXBuildFile section */
		629141FE19CC9352001CC5D2 /* main.m in Sources */ = {isa = PBXBuildFile; fileRef = 629141FD19CC9352001CC5D2 /* main.m */; };
		6291420119CC9352001CC5D2 /* AppDelegate.m in Sources */ = {isa = PBXBuildFile; fileRef = 6291420019CC9352001CC5D2 /* AppDelegate.m */; };
		6291420419CC9352001CC5D2 /* ViewController.m in Sources */ = {isa = PBXBuildFile; fileRef = 6291420319CC9352001CC5D2 /* ViewController.m */; };
		6291420719CC9352001CC5D2 /* Main.storyboard in Resources */ = {isa = PBXBuildFile; fileRef = 6291420519CC9352001CC5D2 /* Main.storyboard */; };
		6291420919CC9352001CC5D2 /* Images.xcassets in Resources */ = {isa = PBXBuildFile; fileRef = 6291420819CC9352001CC5D2 /* Images.xcassets */; };
		6291420C19CC9352001CC5D2 /* LaunchScreen.xib in Resources */ = {isa = PBXBuildFile; fileRef = 6291420A19CC9352001CC5D2 /* LaunchScreen.xib */; };
		6291421819CC9352001CC5D2 /* SimpleAPIClientTests.m in Sources */ = {isa = PBXBuildFile; fileRef = 6291421719CC9352001CC5D2 /* SimpleAPIClientTests.m */; };
/* End PBXBuildFile section */

/* Begin PBXContainerItemProxy section */
		6291421219CC9352001CC5D2 /* PBXContainerItemProxy */ = {
			isa = PBXContainerItemProxy;
			containerPortal = 629141F019CC9351001CC5D2 /* Project object */;
			proxyType = 1;
			remoteGlobalIDString = 629141F719CC9351001CC5D2;
			remoteInfo = SimpleAPIClient;
		};
/* End PBXContainerItemProxy section */

/* Begin PBXFileReference section */
		629141F819CC9352001CC5D2 /* SimpleAPIClient.app */ = {isa = PBXFileReference; explicitFileType = wrapper.application; includeInIndex = 0; path = SimpleAPIClient.app; sourceTree = BUILT_PRODUCTS_DIR; };
		629141FC19CC9352001CC5D2 /* Info.plist */ = {isa = PBXFileReference; lastKnownFileType = text.plist.xml; path = Info.plist; sourceTree = "<group>"; };
		629141FD19CC9352001CC5D2 /* main.m */ = {isa = PBXFileReference; lastKnownFileType = sourcecode.c.objc; path = main.m; sourceTree = "<group>"; };
		629141FF19CC9352001CC5D2 /* AppDelegate.h */ = {isa = PBXFileReference; lastKnownFileType = sourcecode.c.h; path = AppDelegate.h; sourceTree = "<group>"; };
		6291420019CC9352001CC5D2 /* AppDelegate.m */ = {isa = PBXFileReference; lastKnownFileType = sourcecode.c.objc; path = AppDelegate.m; sourceTree = "<group>"; };
		6291420219CC9352001CC5D2 /* ViewController.h */ = {isa = PBXFileReference; lastKnownFileType = sourcecode.c.h; path = ViewController.h; sourceTree = "<group>"; };
		6291420319CC9352001CC5D2 /* ViewController.m */ = {isa = PBXFileReference; lastKnownFileType = sourcecode.c.objc; path = ViewController.m; sourceTree = "<group>"; };
		6291420619CC9352001CC5D2 /* Base */ = {isa = PBXFileReference; lastKnownFileType = file.storyboard; name = Base; path = Base.lproj/Main.storyboard; sourceTree = "<group>"; };
		6291420819CC9352001CC5D2 /* Images.xcassets */ = {isa = PBXFileReference; lastKnownFileType = folder.assetcatalog; path = Images.xcassets; sourceTree = "<group>"; };
		6291420B19CC9352001CC5D2 /* Base */ = {isa = PBXFileReference; lastKnownFileType = file.xib; name = Base; path = Base.lproj/LaunchScreen.xib; sourceTree = "<group>"; };
		6291421119CC9352001CC5D2 /* SimpleAPIClientTests.xctest */ = {isa = PBXFileReference; explicitFileType = wrapper.cfbundle; includeInIndex = 0; path = SimpleAPIClientTests.xctest; sourceTree = BUILT_PRODUCTS_DIR; };
		6291421619CC9352001CC5D2 /* Info.plist */ = {isa = PBXFileReference; lastKnownFileType = text.plist.xml; path = Info.plist; sourceTree = "<group>"; };
		6291421719CC9352001CC5D2 /* SimpleAPIClientTests.m */ = {isa = PBXFileReference; lastKnownFileType = sourcecode.c.objc; path = SimpleAPIClientTests.m; sourceTree = "<group>"; };
/* End PBXFileReference section */

/* Begin PBXFrameworksBuildPhase section */
		629141F519CC9351001CC5D2 /* Frameworks */ = {
			isa = PBXFrameworksBuildPhase;
			buildActionMask = 2147483647;
			files = (
			);
			runOnlyForDeploymentPostprocessing = 0;
		};
		6291420E19CC9352001CC5D2 /* Frameworks */ = {
			isa = PBXFrameworksBuildPhase;
			buildActionMask = 2147483647;
			files = (
			);
			runOnlyForDeploymentPostprocessing = 0;
		};
/* End PBXFrameworksBuildPhase section */

/* Begin PBXGroup section */
		629141EF19CC9351001CC5D2 = {
			isa = PBXGroup;
			children = (
				629141FA19CC9352001CC5D2 /* SimpleAPIClient */,
				6291421419CC9352001CC5D2 /* SimpleAPIClientTests */,
				629141F919CC9352001CC5D2 /* Products */,
			);
			sourceTree = "<group>";
		};
		629141F919CC9352001CC5D2 /* Products */ = {
			isa = PBXGroup;
			children = (
				629141F819CC9352001CC5D2 /* SimpleAPIClient.app */,
				6291421119CC9352001CC5D2 /* SimpleAPIClientTests.xctest */,
			);
			name = Products;
			sourceTree = "<group>";
		};
		629141FA19CC9352001CC5D2 /* SimpleAPIClient */ = {
			isa = PBXGroup;
			children = (
				629141FF19CC9352001CC5D2 /* AppDelegate.h */,
				6291420019CC9352001CC5D2 /* AppDelegate.m */,
				6291420219CC9352001CC5D2 /* ViewController.h */,
				6291420319CC9352001CC5D2 /* ViewController.m */,
				6291420519CC9352001CC5D2 /* Main.storyboard */,
				6291420819CC9352001CC5D2 /* Images.xcassets */,
				6291420A19CC9352001CC5D2 /* LaunchScreen.xib */,
				629141FB19CC9352001CC5D2 /* Supporting Files */,
			);
			path = SimpleAPIClient;
			sourceTree = "<group>";
		};
		629141FB19CC9352001CC5D2 /* Supporting Files */ = {
			isa = PBXGroup;
			children = (
				629141FC19CC9352001CC5D2 /* Info.plist */,
				629141FD19CC9352001CC5D2 /* main.m */,
			);
			name = "Supporting Files";
			sourceTree = "<group>";
		};
		6291421419CC9352001CC5D2 /* SimpleAPIClientTests */ = {
			isa = PBXGroup;
			children = (
				6291421719CC9352001CC5D2 /* SimpleAPIClientTests.m */,
				6291421519CC9352001CC5D2 /* Supporting Files */,
			);
			path = SimpleAPIClientTests;
			sourceTree = "<group>";
		};
		6291421519CC9352001CC5D2 /* Supporting Files */ = {
			isa = PBXGroup;
			children = (
				6291421619CC9352001CC5D2 /* Info.plist */,
			);
			name = "Supporting Files";
			sourceTree = "<group>";
		};
/* End PBXGroup section */

/* Begin PBXNativeTarget section */
		629141F719CC9351001CC5D2 /* SimpleAPIClient */ = {
			isa = PBXNativeTarget;
			buildConfigurationList = 6291421B19CC9352001CC5D2 /* Build configuration list for PBXNativeTarget "SimpleAPIClient" */;
			buildPhases = (
				629141F419CC9351001CC5D2 /* Sources */,
				629141F519CC9351001CC5D2 /* Frameworks */,
				629141F619CC9351001CC5D2 /* Resources */,
			);
			buildRules = (
			);
			dependencies = (
			);
			name = SimpleAPIClient;
			productName = SimpleAPIClient;
			productReference = 629141F819CC9352001CC5D2 /* SimpleAPIClient.app */;
			productType = "com.apple.product-type.application";
		};
		6291421019CC9352001CC5D2 /* SimpleAPIClientTests */ = {
			isa = PBXNativeTarget;
			buildConfigurationList = 6291421E19CC9352001CC5D2 /* Build configuration list for PBXNativeTarget "SimpleAPIClientTests" */;
			buildPhases = (
				6291420D19CC9352001CC5D2 /* Sources */,
				6291420E19CC9352001CC5D2 /* Frameworks */,
				6291420F19CC9352001CC5D2 /* Resources */,
			);
			buildRules = (
			);
			dependencies = (
				6291421319CC9352001CC5D2 /* PBXTargetDependency */,
			);
			name = SimpleAPIClientTests;
			productName = SimpleAPIClientTests;
			productReference = 6291421119CC9352001CC5D2 /* SimpleAPIClientTests.xctest */;
			productType = "com.apple.product-type.bundle.unit-test";
		};
/* End PBXNativeTarget section */

/* Begin PBXProject section */
		629141F019CC9351001CC5D2 /* Project object */ = {
			isa = PBXProject;
			attributes = {
				LastUpgradeCheck = 0600;
				ORGANIZATIONNAME = MakeSchool;
				TargetAttributes = {
					629141F719CC9351001CC5D2 = {
						CreatedOnToolsVersion = 6.0;
					};
					6291421019CC9352001CC5D2 = {
						CreatedOnToolsVersion = 6.0;
						TestTargetID = 629141F719CC9351001CC5D2;
					};
				};
			};
			buildConfigurationList = 629141F319CC9351001CC5D2 /* Build configuration list for PBXProject "SimpleAPIClient" */;
			compatibilityVersion = "Xcode 3.2";
			developmentRegion = English;
			hasScannedForEncodings = 0;
			knownRegions = (
				en,
				Base,
			);
			mainGroup = 629141EF19CC9351001CC5D2;
			productRefGroup = 629141F919CC9352001CC5D2 /* Products */;
			projectDirPath = "";
			projectRoot = "";
			targets = (
				629141F719CC9351001CC5D2 /* SimpleAPIClient */,
				6291421019CC9352001CC5D2 /* SimpleAPIClientTests */,
			);
		};
/* End PBXProject section */

/* Begin PBXResourcesBuildPhase section */
		629141F619CC9351001CC5D2 /* Resources */ = {
			isa = PBXResourcesBuildPhase;
			buildActionMask = 2147483647;
			files = (
				6291420719CC9352001CC5D2 /* Main.storyboard in Resources */,
				6291420C19CC9352001CC5D2 /* LaunchScreen.xib in Resources */,
				6291420919CC9352001CC5D2 /* Images.xcassets in Resources */,
			);
			runOnlyForDeploymentPostprocessing = 0;
		};
		6291420F19CC9352001CC5D2 /* Resources */ = {
			isa = PBXResourcesBuildPhase;
			buildActionMask = 2147483647;
			files = (
			);
			runOnlyForDeploymentPostprocessing = 0;
		};
/* End PBXResourcesBuildPhase section */

/* Begin PBXSourcesBuildPhase section */
		629141F419CC9351001CC5D2 /* Sources */ = {
			isa = PBXSourcesBuildPhase;
			buildActionMask = 2147483647;
			files = (
				6291420419CC9352001CC5D2 /* ViewController.m in Sources */,
				6291420119CC9352001CC5D2 /* AppDelegate.m in Sources */,
				629141FE19CC9352001CC5D2 /* main.m in Sources */,
			);
			runOnlyForDeploymentPostprocessing = 0;
		};
		6291420D19CC9352001CC5D2 /* Sources */ = {
			isa = PBXSourcesBuildPhase;
			buildActionMask = 2147483647;
			files = (
				6291421819CC9352001CC5D2 /* SimpleAPIClientTests.m in Sources */,
			);
			runOnlyForDeploymentPostprocessing = 0;
		};
/* End PBXSourcesBuildPhase section */

/* Begin PBXTargetDependency section */
		6291421319CC9352001CC5D2 /* PBXTargetDependency */ = {
			isa = PBXTargetDependency;
			target = 629141F719CC9351001CC5D2 /* SimpleAPIClient */;
			targetProxy = 6291421219CC9352001CC5D2 /* PBXContainerItemProxy */;
		};
/* End PBXTargetDependency section */

/* Begin PBXVariantGroup section */
		6291420519CC9352001CC5D2 /* Main.storyboard */ = {
			isa = PBXVariantGroup;
			children = (
				6291420619CC9352001CC5D2 /* Base */,
			);
			name = Main.storyboard;
			sourceTree = "<group>";
		};
		6291420A19CC9352001CC5D2 /* LaunchScreen.xib */ = {
			isa = PBXVariantGroup;
			children = (
				6291420B19CC9352001CC5D2 /* Base */,
			);
			name = LaunchScreen.xib;
			sourceTree = "<group>";
		};
/* End PBXVariantGroup section */

/* Begin XCBuildConfiguration section */
		6291421919CC9352001CC5D2 /* Debug */ = {
			isa = XCBuildConfiguration;
			buildSettings = {
				ALWAYS_SEARCH_USER_PATHS = NO;
				CLANG_CXX_LANGUAGE_STANDARD = "gnu++0x";
				CLANG_CXX_LIBRARY = "libc++";
				CLANG_ENABLE_MODULES = YES;
				CLANG_ENABLE_OBJC_ARC = YES;
				CLANG_WARN_BOOL_CONVERSION = YES;
				CLANG_WARN_CONSTANT_CONVERSION = YES;
				CLANG_WARN_DIRECT_OBJC_ISA_USAGE = YES_ERROR;
				CLANG_WARN_EMPTY_BODY = YES;
				CLANG_WARN_ENUM_CONVERSION = YES;
				CLANG_WARN_INT_CONVERSION = YES;
				CLANG_WARN_OBJC_ROOT_CLASS = YES_ERROR;
				CLANG_WARN_UNREACHABLE_CODE = YES;
				CLANG_WARN__DUPLICATE_METHOD_MATCH = YES;
				"CODE_SIGN_IDENTITY[sdk=iphoneos*]" = "iPhone Developer";
				COPY_PHASE_STRIP = NO;
				ENABLE_STRICT_OBJC_MSGSEND = YES;
				GCC_C_LANGUAGE_STANDARD = gnu99;
				GCC_DYNAMIC_NO_PIC = NO;
				GCC_OPTIMIZATION_LEVEL = 0;
				GCC_PREPROCESSOR_DEFINITIONS = (
					"DEBUG=1",
					"$(inherited)",
				);
				GCC_SYMBOLS_PRIVATE_EXTERN = NO;
				GCC_WARN_64_TO_32_BIT_CONVERSION = YES;
				GCC_WARN_ABOUT_RETURN_TYPE = YES_ERROR;
				GCC_WARN_UNDECLARED_SELECTOR = YES;
				GCC_WARN_UNINITIALIZED_AUTOS = YES_AGGRESSIVE;
				GCC_WARN_UNUSED_FUNCTION = YES;
				GCC_WARN_UNUSED_VARIABLE = YES;
				IPHONEOS_DEPLOYMENT_TARGET = 8.0;
				MTL_ENABLE_DEBUG_INFO = YES;
				ONLY_ACTIVE_ARCH = YES;
				SDKROOT = iphoneos;
			};
			name = Debug;
		};
		6291421A19CC9352001CC5D2 /* Release */ = {
			isa = XCBuildConfiguration;
			buildSettings = {
				ALWAYS_SEARCH_USER_PATHS = NO;
				CLANG_CXX_LANGUAGE_STANDARD = "gnu++0x";
				CLANG_CXX_LIBRARY = "libc++";
				CLANG_ENABLE_MODULES = YES;
				CLANG_ENABLE_OBJC_ARC = YES;
				CLANG_WARN_BOOL_CONVERSION = YES;
				CLANG_WARN_CONSTANT_CONVERSION = YES;
				CLANG_WARN_DIRECT_OBJC_ISA_USAGE = YES_ERROR;
				CLANG_WARN_EMPTY_BODY = YES;
				CLANG_WARN_ENUM_CONVERSION = YES;
				CLANG_WARN_INT_CONVERSION = YES;
				CLANG_WARN_OBJC_ROOT_CLASS = YES_ERROR;
				CLANG_WARN_UNREACHABLE_CODE = YES;
				CLANG_WARN__DUPLICATE_METHOD_MATCH = YES;
				"CODE_SIGN_IDENTITY[sdk=iphoneos*]" = "iPhone Developer";
				COPY_PHASE_STRIP = YES;
				ENABLE_NS_ASSERTIONS = NO;
				ENABLE_STRICT_OBJC_MSGSEND = YES;
				GCC_C_LANGUAGE_STANDARD = gnu99;
				GCC_WARN_64_TO_32_BIT_CONVERSION = YES;
				GCC_WARN_ABOUT_RETURN_TYPE = YES_ERROR;
				GCC_WARN_UNDECLARED_SELECTOR = YES;
				GCC_WARN_UNINITIALIZED_AUTOS = YES_AGGRESSIVE;
				GCC_WARN_UNUSED_FUNCTION = YES;
				GCC_WARN_UNUSED_VARIABLE = YES;
				IPHONEOS_DEPLOYMENT_TARGET = 8.0;
				MTL_ENABLE_DEBUG_INFO = NO;
				SDKROOT = iphoneos;
				VALIDATE_PRODUCT = YES;
			};
			name = Release;
		};
		6291421C19CC9352001CC5D2 /* Debug */ = {
			isa = XCBuildConfiguration;
			buildSettings = {
				ASSETCATALOG_COMPILER_APPICON_NAME = AppIcon;
				INFOPLIST_FILE = SimpleAPIClient/Info.plist;
				LD_RUNPATH_SEARCH_PATHS = "$(inherited) @executable_path/Frameworks";
				PRODUCT_NAME = "$(TARGET_NAME)";
			};
			name = Debug;
		};
		6291421D19CC9352001CC5D2 /* Release */ = {
			isa = XCBuildConfiguration;
			buildSettings = {
				ASSETCATALOG_COMPILER_APPICON_NAME = AppIcon;
				INFOPLIST_FILE = SimpleAPIClient/Info.plist;
				LD_RUNPATH_SEARCH_PATHS = "$(inherited) @executable_path/Frameworks";
				PRODUCT_NAME = "$(TARGET_NAME)";
			};
			name = Release;
		};
		6291421F19CC9352001CC5D2 /* Debug */ = {
			isa = XCBuildConfiguration;
			buildSettings = {
				BUNDLE_LOADER = "$(TEST_HOST)";
				FRAMEWORK_SEARCH_PATHS = (
					"$(SDKROOT)/Developer/Library/Frameworks",
					"$(inherited)",
				);
				GCC_PREPROCESSOR_DEFINITIONS = (
					"DEBUG=1",
					"$(inherited)",
				);
				INFOPLIST_FILE = SimpleAPIClientTests/Info.plist;
				LD_RUNPATH_SEARCH_PATHS = "$(inherited) @executable_path/Frameworks @loader_path/Frameworks";
				PRODUCT_NAME = "$(TARGET_NAME)";
				TEST_HOST = "$(BUILT_PRODUCTS_DIR)/SimpleAPIClient.app/SimpleAPIClient";
			};
			name = Debug;
		};
		6291422019CC9352001CC5D2 /* Release */ = {
			isa = XCBuildConfiguration;
			buildSettings = {
				BUNDLE_LOADER = "$(TEST_HOST)";
				FRAMEWORK_SEARCH_PATHS = (
					"$(SDKROOT)/Developer/Library/Frameworks",
					"$(inherited)",
				);
				INFOPLIST_FILE = SimpleAPIClientTests/Info.plist;
				LD_RUNPATH_SEARCH_PATHS = "$(inherited) @executable_path/Frameworks @loader_path/Frameworks";
				PRODUCT_NAME = "$(TARGET_NAME)";
				TEST_HOST = "$(BUILT_PRODUCTS_DIR)/SimpleAPIClient.app/SimpleAPIClient";
			};
			name = Release;
		};
/* End XCBuildConfiguration section */

/* Begin XCConfigurationList section */
		629141F319CC9351001CC5D2 /* Build configuration list for PBXProject "SimpleAPIClient" */ = {
			isa = XCConfigurationList;
			buildConfigurations = (
				6291421919CC9352001CC5D2 /* Debug */,
				6291421A19CC9352001CC5D2 /* Release */,
			);
			defaultConfigurationIsVisible = 0;
			defaultConfigurationName = Release;
		};
		6291421B19CC9352001CC5D2 /* Build configuration list for PBXNativeTarget "SimpleAPIClient" */ = {
			isa = XCConfigurationList;
			buildConfigurations = (
				6291421C19CC9352001CC5D2 /* Debug */,
				6291421D19CC9352001CC5D2 /* Release */,
			);
			defaultConfigurationIsVisible = 0;
		};
		6291421E19CC9352001CC5D2 /* Build configuration list for PBXNativeTarget "SimpleAPIClientTests" */ = {
			isa = XCConfigurationList;
			buildConfigurations = (
				6291421F19CC9352001CC5D2 /* Debug */,
				6291422019CC9352001CC5D2 /* Release */,
			);
			defaultConfigurationIsVisible = 0;
		};
/* End XCConfigurationList section */
	};
	rootObject = 629141F019CC9351001CC5D2 /* Project object */;
}
